
Microsoft Visual Studio Solution File, Format Version 12.00
# Visual Studio Version 17
VisualStudioVersion = 17.9.34714.143
MinimumVisualStudioVersion = 10.0.40219.1
Project("{FAE04EC0-301F-11D3-BF4B-00C04F79EFBC}") = "SoundScoreProject", "SoundScoreProject\SoundScoreProject.csproj", "{159E56E2-1557-4B68-98FE-98B78486F5D6}"
EndProject
Global
	GlobalSection(SolutionConfigurationPlatforms) = preSolution
		Debug|Any CPU = Debug|Any CPU
		Release|Any CPU = Release|Any CPU
	EndGlobalSection
	GlobalSection(ProjectConfigurationPlatforms) = postSolution
		{159E56E2-1557-4B68-98FE-98B78486F5D6}.Debug|Any CPU.ActiveCfg = Debug|Any CPU
		{159E56E2-1557-4B68-98FE-98B78486F5D6}.Debug|Any CPU.Build.0 = Debug|Any CPU
		{159E56E2-1557-4B68-98FE-98B78486F5D6}.Release|Any CPU.ActiveCfg = Release|Any CPU
		{159E56E2-1557-4B68-98FE-98B78486F5D6}.Release|Any CPU.Build.0 = Release|Any CPU
	EndGlobalSection
	GlobalSection(SolutionProperties) = preSolution
		HideSolutionNode = FALSE
	EndGlobalSection
	GlobalSection(ExtensibilityGlobals) = postSolution
		SolutionGuid = {4B407086-63D7-4047-AD28-52D596EA04D8}
	EndGlobalSection
EndGlobal
